// !$*UTF8*$!
{
	archiveVersion = 1;
	classes = {
	};
	objectVersion = 77;
	objects = {

/* Begin PBXContainerItemProxy section */
		686923542EE48E7F00A83978 /* PBXContainerItemProxy */ = {
			isa = PBXContainerItemProxy;
			containerPortal = 6869233E2EE48E7D00A83978 /* Project object */;
			proxyType = 1;
			remoteGlobalIDString = 686923452EE48E7D00A83978;
			remoteInfo = NavStackReturnToRootViewProgrammatically;
		};
		6869235E2EE48E7F00A83978 /* PBXContainerItemProxy */ = {
			isa = PBXContainerItemProxy;
			containerPortal = 6869233E2EE48E7D00A83978 /* Project object */;
			proxyType = 1;
			remoteGlobalIDString = 686923452EE48E7D00A83978;
			remoteInfo = NavStackReturnToRootViewProgrammatically;
		};
/* End PBXContainerItemProxy section */

/* Begin PBXFileReference section */
		686923462EE48E7D00A83978 /* NavStackReturnToRootViewProgrammatically.app */ = {isa = PBXFileReference; explicitFileType = wrapper.application; includeInIndex = 0; path = NavStackReturnToRootViewProgrammatically.app; sourceTree = BUILT_PRODUCTS_DIR; };
		686923532EE48E7F00A83978 /* NavStackReturnToRootViewProgrammaticallyTests.xctest */ = {isa = PBXFileReference; explicitFileType = wrapper.cfbundle; includeInIndex = 0; path = NavStackReturnToRootViewProgrammaticallyTests.xctest; sourceTree = BUILT_PRODUCTS_DIR; };
		6869235D2EE48E7F00A83978 /* NavStackReturnToRootViewProgrammaticallyUITests.xctest */ = {isa = PBXFileReference; explicitFileType = wrapper.cfbundle; includeInIndex = 0; path = NavStackReturnToRootViewProgrammaticallyUITests.xctest; sourceTree = BUILT_PRODUCTS_DIR; };
/* End PBXFileReference section */

/* Begin PBXFileSystemSynchronizedRootGroup section */
		686923482EE48E7D00A83978 /* NavStackReturnToRootViewProgrammatically */ = {
			isa = PBXFileSystemSynchronizedRootGroup;
			path = NavStackReturnToRootViewProgrammatically;
			sourceTree = "<group>";
		};
		686923562EE48E7F00A83978 /* NavStackReturnToRootViewProgrammaticallyTests */ = {
			isa = PBXFileSystemSynchronizedRootGroup;
			path = NavStackReturnToRootViewProgrammaticallyTests;
			sourceTree = "<group>";
		};
		686923602EE48E7F00A83978 /* NavStackReturnToRootViewProgrammaticallyUITests */ = {
			isa = PBXFileSystemSynchronizedRootGroup;
			path = NavStackReturnToRootViewProgrammaticallyUITests;
			sourceTree = "<group>";
		};
/* End PBXFileSystemSynchronizedRootGroup section */

/* Begin PBXFrameworksBuildPhase section */
		686923432EE48E7D00A83978 /* Frameworks */ = {
			isa = PBXFrameworksBuildPhase;
			buildActionMask = 2147483647;
			files = (
			);
			runOnlyForDeploymentPostprocessing = 0;
		};
		686923502EE48E7F00A83978 /* Frameworks */ = {
			isa = PBXFrameworksBuildPhase;
			buildActionMask = 2147483647;
			files = (
			);
			runOnlyForDeploymentPostprocessing = 0;
		};
		6869235A2EE48E7F00A83978 /* Frameworks */ = {
			isa = PBXFrameworksBuildPhase;
			buildActionMask = 2147483647;
			files = (
			);
			runOnlyForDeploymentPostprocessing = 0;
		};
/* End PBXFrameworksBuildPhase section */

/* Begin PBXGroup section */
		6869233D2EE48E7D00A83978 = {
			isa = PBXGroup;
			children = (
				686923482EE48E7D00A83978 /* NavStackReturnToRootViewProgrammatically */,
				686923562EE48E7F00A83978 /* NavStackReturnToRootViewProgrammaticallyTests */,
				686923602EE48E7F00A83978 /* NavStackReturnToRootViewProgrammaticallyUITests */,
				686923472EE48E7D00A83978 /* Products */,
			);
			sourceTree = "<group>";
		};
		686923472EE48E7D00A83978 /* Products */ = {
			isa = PBXGroup;
			children = (
				686923462EE48E7D00A83978 /* NavStackReturnToRootViewProgrammatically.app */,
				686923532EE48E7F00A83978 /* NavStackReturnToRootViewProgrammaticallyTests.xctest */,
				6869235D2EE48E7F00A83978 /* NavStackReturnToRootViewProgrammaticallyUITests.xctest */,
			);
			name = Products;
			sourceTree = "<group>";
		};
/* End PBXGroup section */

/* Begin PBXNativeTarget section */
		686923452EE48E7D00A83978 /* NavStackReturnToRootViewProgrammatically */ = {
			isa = PBXNativeTarget;
			buildConfigurationList = 686923672EE48E7F00A83978 /* Build configuration list for PBXNativeTarget "NavStackReturnToRootViewProgrammatically" */;
			buildPhases = (
				686923422EE48E7D00A83978 /* Sources */,
				686923432EE48E7D00A83978 /* Frameworks */,
				686923442EE48E7D00A83978 /* Resources */,
			);
			buildRules = (
			);
			dependencies = (
			);
			fileSystemSynchronizedGroups = (
				686923482EE48E7D00A83978 /* NavStackReturnToRootViewProgrammatically */,
			);
			name = NavStackReturnToRootViewProgrammatically;
			packageProductDependencies = (
			);
			productName = NavStackReturnToRootViewProgrammatically;
			productReference = 686923462EE48E7D00A83978 /* NavStackReturnToRootViewProgrammatically.app */;
			productType = "com.apple.product-type.application";
		};
		686923522EE48E7F00A83978 /* NavStackReturnToRootViewProgrammaticallyTests */ = {
			isa = PBXNativeTarget;
			buildConfigurationList = 6869236A2EE48E7F00A83978 /* Build configuration list for PBXNativeTarget "NavStackReturnToRootViewProgrammaticallyTests" */;
			buildPhases = (
				6869234F2EE48E7F00A83978 /* Sources */,
				686923502EE48E7F00A83978 /* Frameworks */,
				686923512EE48E7F00A83978 /* Resources */,
			);
			buildRules = (
			);
			dependencies = (
				686923552EE48E7F00A83978 /* PBXTargetDependency */,
			);
			fileSystemSynchronizedGroups = (
				686923562EE48E7F00A83978 /* NavStackReturnToRootViewProgrammaticallyTests */,
			);
			name = NavStackReturnToRootViewProgrammaticallyTests;
			packageProductDependencies = (
			);
			productName = NavStackReturnToRootViewProgrammaticallyTests;
			productReference = 686923532EE48E7F00A83978 /* NavStackReturnToRootViewProgrammaticallyTests.xctest */;
			productType = "com.apple.product-type.bundle.unit-test";
		};
		6869235C2EE48E7F00A83978 /* NavStackReturnToRootViewProgrammaticallyUITests */ = {
			isa = PBXNativeTarget;
			buildConfigurationList = 6869236D2EE48E7F00A83978 /* Build configuration list for PBXNativeTarget "NavStackReturnToRootViewProgrammaticallyUITests" */;
			buildPhases = (
				686923592EE48E7F00A83978 /* Sources */,
				6869235A2EE48E7F00A83978 /* Frameworks */,
				6869235B2EE48E7F00A83978 /* Resources */,
			);
			buildRules = (
			);
			dependencies = (
				6869235F2EE48E7F00A83978 /* PBXTargetDependency */,
			);
			fileSystemSynchronizedGroups = (
				686923602EE48E7F00A83978 /* NavStackReturnToRootViewProgrammaticallyUITests */,
			);
			name = NavStackReturnToRootViewProgrammaticallyUITests;
			packageProductDependencies = (
			);
			productName = NavStackReturnToRootViewProgrammaticallyUITests;
			productReference = 6869235D2EE48E7F00A83978 /* NavStackReturnToRootViewProgrammaticallyUITests.xctest */;
			productType = "com.apple.product-type.bundle.ui-testing";
		};
/* End PBXNativeTarget section */

/* Begin PBXProject section */
		6869233E2EE48E7D00A83978 /* Project object */ = {
			isa = PBXProject;
			attributes = {
				BuildIndependentTargetsInParallel = 1;
				LastSwiftUpdateCheck = 2610;
				LastUpgradeCheck = 2610;
				TargetAttributes = {
					686923452EE48E7D00A83978 = {
						CreatedOnToolsVersion = 26.1.1;
					};
					686923522EE48E7F00A83978 = {
						CreatedOnToolsVersion = 26.1.1;
						TestTargetID = 686923452EE48E7D00A83978;
					};
					6869235C2EE48E7F00A83978 = {
						CreatedOnToolsVersion = 26.1.1;
						TestTargetID = 686923452EE48E7D00A83978;
					};
				};
			};
			buildConfigurationList = 686923412EE48E7D00A83978 /* Build configuration list for PBXProject "NavStackReturnToRootViewProgrammatically" */;
			developmentRegion = en;
			hasScannedForEncodings = 0;
			knownRegions = (
				en,
				Base,
			);
			mainGroup = 6869233D2EE48E7D00A83978;
			minimizedProjectReferenceProxies = 1;
			preferredProjectObjectVersion = 77;
			productRefGroup = 686923472EE48E7D00A83978 /* Products */;
			projectDirPath = "";
			projectRoot = "";
			targets = (
				686923452EE48E7D00A83978 /* NavStackReturnToRootViewProgrammatically */,
				686923522EE48E7F00A83978 /* NavStackReturnToRootViewProgrammaticallyTests */,
				6869235C2EE48E7F00A83978 /* NavStackReturnToRootViewProgrammaticallyUITests */,
			);
		};
/* End PBXProject section */

/* Begin PBXResourcesBuildPhase section */
		686923442EE48E7D00A83978 /* Resources */ = {
			isa = PBXResourcesBuildPhase;
			buildActionMask = 2147483647;
			files = (
			);
			runOnlyForDeploymentPostprocessing = 0;
		};
		686923512EE48E7F00A83978 /* Resources */ = {
			isa = PBXResourcesBuildPhase;
			buildActionMask = 2147483647;
			files = (
			);
			runOnlyForDeploymentPostprocessing = 0;
		};
		6869235B2EE48E7F00A83978 /* Resources */ = {
			isa = PBXResourcesBuildPhase;
			buildActionMask = 2147483647;
			files = (
			);
			runOnlyForDeploymentPostprocessing = 0;
		};
/* End PBXResourcesBuildPhase section */

/* Begin PBXSourcesBuildPhase section */
		686923422EE48E7D00A83978 /* Sources */ = {
			isa = PBXSourcesBuildPhase;
			buildActionMask = 2147483647;
			files = (
			);
			runOnlyForDeploymentPostprocessing = 0;
		};
		6869234F2EE48E7F00A83978 /* Sources */ = {
			isa = PBXSourcesBuildPhase;
			buildActionMask = 2147483647;
			files = (
			);
			runOnlyForDeploymentPostprocessing = 0;
		};
		686923592EE48E7F00A83978 /* Sources */ = {
			isa = PBXSourcesBuildPhase;
			buildActionMask = 2147483647;
			files = (
			);
			runOnlyForDeploymentPostprocessing = 0;
		};
/* End PBXSourcesBuildPhase section */

/* Begin PBXTargetDependency section */
		686923552EE48E7F00A83978 /* PBXTargetDependency */ = {
			isa = PBXTargetDependency;
			target = 686923452EE48E7D00A83978 /* NavStackReturnToRootViewProgrammatically */;
			targetProxy = 686923542EE48E7F00A83978 /* PBXContainerItemProxy */;
		};
		6869235F2EE48E7F00A83978 /* PBXTargetDependency */ = {
			isa = PBXTargetDependency;
			target = 686923452EE48E7D00A83978 /* NavStackReturnToRootViewProgrammatically */;
			targetProxy = 6869235E2EE48E7F00A83978 /* PBXContainerItemProxy */;
		};
/* End PBXTargetDependency section */

/* Begin XCBuildConfiguration section */
		686923652EE48E7F00A83978 /* Debug */ = {
			isa = XCBuildConfiguration;
			buildSettings = {
				ALWAYS_SEARCH_USER_PATHS = NO;
				ASSETCATALOG_COMPILER_GENERATE_SWIFT_ASSET_SYMBOL_EXTENSIONS = YES;
				CLANG_ANALYZER_NONNULL = YES;
				CLANG_ANALYZER_NUMBER_OBJECT_CONVERSION = YES_AGGRESSIVE;
				CLANG_CXX_LANGUAGE_STANDARD = "gnu++20";
				CLANG_ENABLE_MODULES = YES;
				CLANG_ENABLE_OBJC_ARC = YES;
				CLANG_ENABLE_OBJC_WEAK = YES;
				CLANG_WARN_BLOCK_CAPTURE_AUTORELEASING = YES;
				CLANG_WARN_BOOL_CONVERSION = YES;
				CLANG_WARN_COMMA = YES;
				CLANG_WARN_CONSTANT_CONVERSION = YES;
				CLANG_WARN_DEPRECATED_OBJC_IMPLEMENTATIONS = YES;
				CLANG_WARN_DIRECT_OBJC_ISA_USAGE = YES_ERROR;
				CLANG_WARN_DOCUMENTATION_COMMENTS = YES;
				CLANG_WARN_EMPTY_BODY = YES;
				CLANG_WARN_ENUM_CONVERSION = YES;
				CLANG_WARN_INFINITE_RECURSION = YES;
				CLANG_WARN_INT_CONVERSION = YES;
				CLANG_WARN_NON_LITERAL_NULL_CONVERSION = YES;
				CLANG_WARN_OBJC_IMPLICIT_RETAIN_SELF = YES;
				CLANG_WARN_OBJC_LITERAL_CONVERSION = YES;
				CLANG_WARN_OBJC_ROOT_CLASS = YES_ERROR;
				CLANG_WARN_QUOTED_INCLUDE_IN_FRAMEWORK_HEADER = YES;
				CLANG_WARN_RANGE_LOOP_ANALYSIS = YES;
				CLANG_WARN_STRICT_PROTOTYPES = YES;
				CLANG_WARN_SUSPICIOUS_MOVE = YES;
				CLANG_WARN_UNGUARDED_AVAILABILITY = YES_AGGRESSIVE;
				CLANG_WARN_UNREACHABLE_CODE = YES;
				CLANG_WARN__DUPLICATE_METHOD_MATCH = YES;
				COPY_PHASE_STRIP = NO;
				DEBUG_INFORMATION_FORMAT = dwarf;
				DEVELOPMENT_TEAM = N455ZDLHP4;
				ENABLE_STRICT_OBJC_MSGSEND = YES;
				ENABLE_TESTABILITY = YES;
				ENABLE_USER_SCRIPT_SANDBOXING = YES;
				GCC_C_LANGUAGE_STANDARD = gnu17;
				GCC_DYNAMIC_NO_PIC = NO;
				GCC_NO_COMMON_BLOCKS = YES;
				GCC_OPTIMIZATION_LEVEL = 0;
				GCC_PREPROCESSOR_DEFINITIONS = (
					"DEBUG=1",
					"$(inherited)",
				);
				GCC_WARN_64_TO_32_BIT_CONVERSION = YES;
				GCC_WARN_ABOUT_RETURN_TYPE = YES_ERROR;
				GCC_WARN_UNDECLARED_SELECTOR = YES;
				GCC_WARN_UNINITIALIZED_AUTOS = YES_AGGRESSIVE;
				GCC_WARN_UNUSED_FUNCTION = YES;
				GCC_WARN_UNUSED_VARIABLE = YES;
				IPHONEOS_DEPLOYMENT_TARGET = 26.1;
				LOCALIZATION_PREFERS_STRING_CATALOGS = YES;
				MTL_ENABLE_DEBUG_INFO = INCLUDE_SOURCE;
				MTL_FAST_MATH = YES;
				ONLY_ACTIVE_ARCH = YES;
				SDKROOT = iphoneos;
				SWIFT_ACTIVE_COMPILATION_CONDITIONS = "DEBUG $(inherited)";
				SWIFT_OPTIMIZATION_LEVEL = "-Onone";
			};
			name = Debug;
		};
		686923662EE48E7F00A83978 /* Release */ = {
			isa = XCBuildConfiguration;
			buildSettings = {
				ALWAYS_SEARCH_USER_PATHS = NO;
				ASSETCATALOG_COMPILER_GENERATE_SWIFT_ASSET_SYMBOL_EXTENSIONS = YES;
				CLANG_ANALYZER_NONNULL = YES;
				CLANG_ANALYZER_NUMBER_OBJECT_CONVERSION = YES_AGGRESSIVE;
				CLANG_CXX_LANGUAGE_STANDARD = "gnu++20";
				CLANG_ENABLE_MODULES = YES;
				CLANG_ENABLE_OBJC_ARC = YES;
				CLANG_ENABLE_OBJC_WEAK = YES;
				CLANG_WARN_BLOCK_CAPTURE_AUTORELEASING = YES;
				CLANG_WARN_BOOL_CONVERSION = YES;
				CLANG_WARN_COMMA = YES;
				CLANG_WARN_CONSTANT_CONVERSION = YES;
				CLANG_WARN_DEPRECATED_OBJC_IMPLEMENTATIONS = YES;
				CLANG_WARN_DIRECT_OBJC_ISA_USAGE = YES_ERROR;
				CLANG_WARN_DOCUMENTATION_COMMENTS = YES;
				CLANG_WARN_EMPTY_BODY = YES;
				CLANG_WARN_ENUM_CONVERSION = YES;
				CLANG_WARN_INFINITE_RECURSION = YES;
				CLANG_WARN_INT_CONVERSION = YES;
				CLANG_WARN_NON_LITERAL_NULL_CONVERSION = YES;
				CLANG_WARN_OBJC_IMPLICIT_RETAIN_SELF = YES;
				CLANG_WARN_OBJC_LITERAL_CONVERSION = YES;
				CLANG_WARN_OBJC_ROOT_CLASS = YES_ERROR;
				CLANG_WARN_QUOTED_INCLUDE_IN_FRAMEWORK_HEADER = YES;
				CLANG_WARN_RANGE_LOOP_ANALYSIS = YES;
				CLANG_WARN_STRICT_PROTOTYPES = YES;
				CLANG_WARN_SUSPICIOUS_MOVE = YES;
				CLANG_WARN_UNGUARDED_AVAILABILITY = YES_AGGRESSIVE;
				CLANG_WARN_UNREACHABLE_CODE = YES;
				CLANG_WARN__DUPLICATE_METHOD_MATCH = YES;
				COPY_PHASE_STRIP = NO;
				DEBUG_INFORMATION_FORMAT = "dwarf-with-dsym";
				DEVELOPMENT_TEAM = N455ZDLHP4;
				ENABLE_NS_ASSERTIONS = NO;
				ENABLE_STRICT_OBJC_MSGSEND = YES;
				ENABLE_USER_SCRIPT_SANDBOXING = YES;
				GCC_C_LANGUAGE_STANDARD = gnu17;
				GCC_NO_COMMON_BLOCKS = YES;
				GCC_WARN_64_TO_32_BIT_CONVERSION = YES;
				GCC_WARN_ABOUT_RETURN_TYPE = YES_ERROR;
				GCC_WARN_UNDECLARED_SELECTOR = YES;
				GCC_WARN_UNINITIALIZED_AUTOS = YES_AGGRESSIVE;
				GCC_WARN_UNUSED_FUNCTION = YES;
				GCC_WARN_UNUSED_VARIABLE = YES;
				IPHONEOS_DEPLOYMENT_TARGET = 26.1;
				LOCALIZATION_PREFERS_STRING_CATALOGS = YES;
				MTL_ENABLE_DEBUG_INFO = NO;
				MTL_FAST_MATH = YES;
				SDKROOT = iphoneos;
				SWIFT_COMPILATION_MODE = wholemodule;
				VALIDATE_PRODUCT = YES;
			};
			name = Release;
		};
		686923682EE48E7F00A83978 /* Debug */ = {
			isa = XCBuildConfiguration;
			buildSettings = {
				ASSETCATALOG_COMPILER_APPICON_NAME = AppIcon;
				ASSETCATALOG_COMPILER_GLOBAL_ACCENT_COLOR_NAME = AccentColor;
				CODE_SIGN_STYLE = Automatic;
				CURRENT_PROJECT_VERSION = 1;
				DEVELOPMENT_TEAM = N455ZDLHP4;
				ENABLE_PREVIEWS = YES;
				GENERATE_INFOPLIST_FILE = YES;
				INFOPLIST_KEY_UIApplicationSceneManifest_Generation = YES;
				INFOPLIST_KEY_UIApplicationSupportsIndirectInputEvents = YES;
				INFOPLIST_KEY_UILaunchScreen_Generation = YES;
				INFOPLIST_KEY_UISupportedInterfaceOrientations_iPad = "UIInterfaceOrientationPortrait UIInterfaceOrientationPortraitUpsideDown UIInterfaceOrientationLandscapeLeft UIInterfaceOrientationLandscapeRight";
				INFOPLIST_KEY_UISupportedInterfaceOrientations_iPhone = "UIInterfaceOrientationPortrait UIInterfaceOrientationLandscapeLeft UIInterfaceOrientationLandscapeRight";
				LD_RUNPATH_SEARCH_PATHS = (
					"$(inherited)",
					"@executable_path/Frameworks",
				);
				MARKETING_VERSION = 1.0;
				PRODUCT_BUNDLE_IDENTIFIER = com.marcmoxey.NavStackReturnToRootViewProgrammatically;
				PRODUCT_NAME = "$(TARGET_NAME)";
				STRING_CATALOG_GENERATE_SYMBOLS = YES;
				SWIFT_APPROACHABLE_CONCURRENCY = YES;
				SWIFT_DEFAULT_ACTOR_ISOLATION = MainActor;
				SWIFT_EMIT_LOC_STRINGS = YES;
				SWIFT_UPCOMING_FEATURE_MEMBER_IMPORT_VISIBILITY = YES;
				SWIFT_VERSION = 5.0;
				TARGETED_DEVICE_FAMILY = "1,2";
			};
			name = Debug;
		};
		686923692EE48E7F00A83978 /* Release */ = {
			isa = XCBuildConfiguration;
			buildSettings = {
				ASSETCATALOG_COMPILER_APPICON_NAME = AppIcon;
				ASSETCATALOG_COMPILER_GLOBAL_ACCENT_COLOR_NAME = AccentColor;
				CODE_SIGN_STYLE = Automatic;
				CURRENT_PROJECT_VERSION = 1;
				DEVELOPMENT_TEAM = N455ZDLHP4;
				ENABLE_PREVIEWS = YES;
				GENERATE_INFOPLIST_FILE = YES;
				INFOPLIST_KEY_UIApplicationSceneManifest_Generation = YES;
				INFOPLIST_KEY_UIApplicationSupportsIndirectInputEvents = YES;
				INFOPLIST_KEY_UILaunchScreen_Generation = YES;
				INFOPLIST_KEY_UISupportedInterfaceOrientations_iPad = "UIInterfaceOrientationPortrait UIInterfaceOrientationPortraitUpsideDown UIInterfaceOrientationLandscapeLeft UIInterfaceOrientationLandscapeRight";
				INFOPLIST_KEY_UISupportedInterfaceOrientations_iPhone = "UIInterfaceOrientationPortrait UIInterfaceOrientationLandscapeLeft UIInterfaceOrientationLandscapeRight";
				LD_RUNPATH_SEARCH_PATHS = (
					"$(inherited)",
					"@executable_path/Frameworks",
				);
				MARKETING_VERSION = 1.0;
				PRODUCT_BUNDLE_IDENTIFIER = com.marcmoxey.NavStackReturnToRootViewProgrammatically;
				PRODUCT_NAME = "$(TARGET_NAME)";
				STRING_CATALOG_GENERATE_SYMBOLS = YES;
				SWIFT_APPROACHABLE_CONCURRENCY = YES;
				SWIFT_DEFAULT_ACTOR_ISOLATION = MainActor;
				SWIFT_EMIT_LOC_STRINGS = YES;
				SWIFT_UPCOMING_FEATURE_MEMBER_IMPORT_VISIBILITY = YES;
				SWIFT_VERSION = 5.0;
				TARGETED_DEVICE_FAMILY = "1,2";
			};
			name = Release;
		};
		6869236B2EE48E7F00A83978 /* Debug */ = {
			isa = XCBuildConfiguration;
			buildSettings = {
				BUNDLE_LOADER = "$(TEST_HOST)";
				CODE_SIGN_STYLE = Automatic;
				CURRENT_PROJECT_VERSION = 1;
				DEVELOPMENT_TEAM = N455ZDLHP4;
				GENERATE_INFOPLIST_FILE = YES;
				IPHONEOS_DEPLOYMENT_TARGET = 26.1;
				MARKETING_VERSION = 1.0;
				PRODUCT_BUNDLE_IDENTIFIER = com.marcmoxey.NavStackReturnToRootViewProgrammaticallyTests;
				PRODUCT_NAME = "$(TARGET_NAME)";
				STRING_CATALOG_GENERATE_SYMBOLS = NO;
				SWIFT_APPROACHABLE_CONCURRENCY = YES;
				SWIFT_EMIT_LOC_STRINGS = NO;
				SWIFT_UPCOMING_FEATURE_MEMBER_IMPORT_VISIBILITY = YES;
				SWIFT_VERSION = 5.0;
				TARGETED_DEVICE_FAMILY = "1,2";
				TEST_HOST = "$(BUILT_PRODUCTS_DIR)/NavStackReturnToRootViewProgrammatically.app/$(BUNDLE_EXECUTABLE_FOLDER_PATH)/NavStackReturnToRootViewProgrammatically";
			};
			name = Debug;
		};
		6869236C2EE48E7F00A83978 /* Release */ = {
			isa = XCBuildConfiguration;
			buildSettings = {
				BUNDLE_LOADER = "$(TEST_HOST)";
				CODE_SIGN_STYLE = Automatic;
				CURRENT_PROJECT_VERSION = 1;
				DEVELOPMENT_TEAM = N455ZDLHP4;
				GENERATE_INFOPLIST_FILE = YES;
				IPHONEOS_DEPLOYMENT_TARGET = 26.1;
				MARKETING_VERSION = 1.0;
				PRODUCT_BUNDLE_IDENTIFIER = com.marcmoxey.NavStackReturnToRootViewProgrammaticallyTests;
				PRODUCT_NAME = "$(TARGET_NAME)";
				STRING_CATALOG_GENERATE_SYMBOLS = NO;
				SWIFT_APPROACHABLE_CONCURRENCY = YES;
				SWIFT_EMIT_LOC_STRINGS = NO;
				SWIFT_UPCOMING_FEATURE_MEMBER_IMPORT_VISIBILITY = YES;
				SWIFT_VERSION = 5.0;
				TARGETED_DEVICE_FAMILY = "1,2";
				TEST_HOST = "$(BUILT_PRODUCTS_DIR)/NavStackReturnToRootViewProgrammatically.app/$(BUNDLE_EXECUTABLE_FOLDER_PATH)/NavStackReturnToRootViewProgrammatically";
			};
			name = Release;
		};
		6869236E2EE48E7F00A83978 /* Debug */ = {
			isa = XCBuildConfiguration;
			buildSettings = {
				CODE_SIGN_STYLE = Automatic;
				CURRENT_PROJECT_VERSION = 1;
				DEVELOPMENT_TEAM = N455ZDLHP4;
				GENERATE_INFOPLIST_FILE = YES;
				MARKETING_VERSION = 1.0;
				PRODUCT_BUNDLE_IDENTIFIER = com.marcmoxey.NavStackReturnToRootViewProgrammaticallyUITests;
				PRODUCT_NAME = "$(TARGET_NAME)";
				STRING_CATALOG_GENERATE_SYMBOLS = NO;
				SWIFT_APPROACHABLE_CONCURRENCY = YES;
				SWIFT_EMIT_LOC_STRINGS = NO;
				SWIFT_UPCOMING_FEATURE_MEMBER_IMPORT_VISIBILITY = YES;
				SWIFT_VERSION = 5.0;
				TARGETED_DEVICE_FAMILY = "1,2";
				TEST_TARGET_NAME = NavStackReturnToRootViewProgrammatically;
			};
			name = Debug;
		};
		6869236F2EE48E7F00A83978 /* Release */ = {
			isa = XCBuildConfiguration;
			buildSettings = {
				CODE_SIGN_STYLE = Automatic;
				CURRENT_PROJECT_VERSION = 1;
				DEVELOPMENT_TEAM = N455ZDLHP4;
				GENERATE_INFOPLIST_FILE = YES;
				MARKETING_VERSION = 1.0;
				PRODUCT_BUNDLE_IDENTIFIER = com.marcmoxey.NavStackReturnToRootViewProgrammaticallyUITests;
				PRODUCT_NAME = "$(TARGET_NAME)";
				STRING_CATALOG_GENERATE_SYMBOLS = NO;
				SWIFT_APPROACHABLE_CONCURRENCY = YES;
				SWIFT_EMIT_LOC_STRINGS = NO;
				SWIFT_UPCOMING_FEATURE_MEMBER_IMPORT_VISIBILITY = YES;
				SWIFT_VERSION = 5.0;
				TARGETED_DEVICE_FAMILY = "1,2";
				TEST_TARGET_NAME = NavStackReturnToRootViewProgrammatically;
			};
			name = Release;
		};
/* End XCBuildConfiguration section */

/* Begin XCConfigurationList section */
		686923412EE48E7D00A83978 /* Build configuration list for PBXProject "NavStackReturnToRootViewProgrammatically" */ = {
			isa = XCConfigurationList;
			buildConfigurations = (
				686923652EE48E7F00A83978 /* Debug */,
				686923662EE48E7F00A83978 /* Release */,
			);
			defaultConfigurationIsVisible = 0;
			defaultConfigurationName = Release;
		};
		686923672EE48E7F00A83978 /* Build configuration list for PBXNativeTarget "NavStackReturnToRootViewProgrammatically" */ = {
			isa = XCConfigurationList;
			buildConfigurations = (
				686923682EE48E7F00A83978 /* Debug */,
				686923692EE48E7F00A83978 /* Release */,
			);
			defaultConfigurationIsVisible = 0;
			defaultConfigurationName = Release;
		};
		6869236A2EE48E7F00A83978 /* Build configuration list for PBXNativeTarget "NavStackReturnToRootViewProgrammaticallyTests" */ = {
			isa = XCConfigurationList;
			buildConfigurations = (
				6869236B2EE48E7F00A83978 /* Debug */,
				6869236C2EE48E7F00A83978 /* Release */,
			);
			defaultConfigurationIsVisible = 0;
			defaultConfigurationName = Release;
		};
		6869236D2EE48E7F00A83978 /* Build configuration list for PBXNativeTarget "NavStackReturnToRootViewProgrammaticallyUITests" */ = {
			isa = XCConfigurationList;
			buildConfigurations = (
				6869236E2EE48E7F00A83978 /* Debug */,
				6869236F2EE48E7F00A83978 /* Release */,
			);
			defaultConfigurationIsVisible = 0;
			defaultConfigurationName = Release;
		};
/* End XCConfigurationList section */
	};
	rootObject = 6869233E2EE48E7D00A83978 /* Project object */;
}
