// !$*UTF8*$!
{
	archiveVersion = 1;
	classes = {
	};
	objectVersion = 77;
	objects = {

/* Begin PBXContainerItemProxy section */
		68C9FE3E2EDDF68500780472 /* PBXContainerItemProxy */ = {
			isa = PBXContainerItemProxy;
			containerPortal = 68C9FE282EDDF68400780472 /* Project object */;
			proxyType = 1;
			remoteGlobalIDString = 68C9FE2F2EDDF68400780472;
			remoteInfo = EnteringNumberWithStepper;
		};
		68C9FE482EDDF68500780472 /* PBXContainerItemProxy */ = {
			isa = PBXContainerItemProxy;
			containerPortal = 68C9FE282EDDF68400780472 /* Project object */;
			proxyType = 1;
			remoteGlobalIDString = 68C9FE2F2EDDF68400780472;
			remoteInfo = EnteringNumberWithStepper;
		};
/* End PBXContainerItemProxy section */

/* Begin PBXFileReference section */
		68C9FE302EDDF68400780472 /* EnteringNumberWithStepper.app */ = {isa = PBXFileReference; explicitFileType = wrapper.application; includeInIndex = 0; path = EnteringNumberWithStepper.app; sourceTree = BUILT_PRODUCTS_DIR; };
		68C9FE3D2EDDF68500780472 /* EnteringNumberWithStepperTests.xctest */ = {isa = PBXFileReference; explicitFileType = wrapper.cfbundle; includeInIndex = 0; path = EnteringNumberWithStepperTests.xctest; sourceTree = BUILT_PRODUCTS_DIR; };
		68C9FE472EDDF68500780472 /* EnteringNumberWithStepperUITests.xctest */ = {isa = PBXFileReference; explicitFileType = wrapper.cfbundle; includeInIndex = 0; path = EnteringNumberWithStepperUITests.xctest; sourceTree = BUILT_PRODUCTS_DIR; };
/* End PBXFileReference section */

/* Begin PBXFileSystemSynchronizedRootGroup section */
		68C9FE322EDDF68400780472 /* EnteringNumberWithStepper */ = {
			isa = PBXFileSystemSynchronizedRootGroup;
			path = EnteringNumberWithStepper;
			sourceTree = "<group>";
		};
		68C9FE402EDDF68500780472 /* EnteringNumberWithStepperTests */ = {
			isa = PBXFileSystemSynchronizedRootGroup;
			path = EnteringNumberWithStepperTests;
			sourceTree = "<group>";
		};
		68C9FE4A2EDDF68500780472 /* EnteringNumberWithStepperUITests */ = {
			isa = PBXFileSystemSynchronizedRootGroup;
			path = EnteringNumberWithStepperUITests;
			sourceTree = "<group>";
		};
/* End PBXFileSystemSynchronizedRootGroup section */

/* Begin PBXFrameworksBuildPhase section */
		68C9FE2D2EDDF68400780472 /* Frameworks */ = {
			isa = PBXFrameworksBuildPhase;
			buildActionMask = 2147483647;
			files = (
			);
			runOnlyForDeploymentPostprocessing = 0;
		};
		68C9FE3A2EDDF68500780472 /* Frameworks */ = {
			isa = PBXFrameworksBuildPhase;
			buildActionMask = 2147483647;
			files = (
			);
			runOnlyForDeploymentPostprocessing = 0;
		};
		68C9FE442EDDF68500780472 /* Frameworks */ = {
			isa = PBXFrameworksBuildPhase;
			buildActionMask = 2147483647;
			files = (
			);
			runOnlyForDeploymentPostprocessing = 0;
		};
/* End PBXFrameworksBuildPhase section */

/* Begin PBXGroup section */
		68C9FE272EDDF68400780472 = {
			isa = PBXGroup;
			children = (
				68C9FE322EDDF68400780472 /* EnteringNumberWithStepper */,
				68C9FE402EDDF68500780472 /* EnteringNumberWithStepperTests */,
				68C9FE4A2EDDF68500780472 /* EnteringNumberWithStepperUITests */,
				68C9FE312EDDF68400780472 /* Products */,
			);
			sourceTree = "<group>";
		};
		68C9FE312EDDF68400780472 /* Products */ = {
			isa = PBXGroup;
			children = (
				68C9FE302EDDF68400780472 /* EnteringNumberWithStepper.app */,
				68C9FE3D2EDDF68500780472 /* EnteringNumberWithStepperTests.xctest */,
				68C9FE472EDDF68500780472 /* EnteringNumberWithStepperUITests.xctest */,
			);
			name = Products;
			sourceTree = "<group>";
		};
/* End PBXGroup section */

/* Begin PBXNativeTarget section */
		68C9FE2F2EDDF68400780472 /* EnteringNumberWithStepper */ = {
			isa = PBXNativeTarget;
			buildConfigurationList = 68C9FE512EDDF68500780472 /* Build configuration list for PBXNativeTarget "EnteringNumberWithStepper" */;
			buildPhases = (
				68C9FE2C2EDDF68400780472 /* Sources */,
				68C9FE2D2EDDF68400780472 /* Frameworks */,
				68C9FE2E2EDDF68400780472 /* Resources */,
			);
			buildRules = (
			);
			dependencies = (
			);
			fileSystemSynchronizedGroups = (
				68C9FE322EDDF68400780472 /* EnteringNumberWithStepper */,
			);
			name = EnteringNumberWithStepper;
			packageProductDependencies = (
			);
			productName = EnteringNumberWithStepper;
			productReference = 68C9FE302EDDF68400780472 /* EnteringNumberWithStepper.app */;
			productType = "com.apple.product-type.application";
		};
		68C9FE3C2EDDF68500780472 /* EnteringNumberWithStepperTests */ = {
			isa = PBXNativeTarget;
			buildConfigurationList = 68C9FE542EDDF68500780472 /* Build configuration list for PBXNativeTarget "EnteringNumberWithStepperTests" */;
			buildPhases = (
				68C9FE392EDDF68500780472 /* Sources */,
				68C9FE3A2EDDF68500780472 /* Frameworks */,
				68C9FE3B2EDDF68500780472 /* Resources */,
			);
			buildRules = (
			);
			dependencies = (
				68C9FE3F2EDDF68500780472 /* PBXTargetDependency */,
			);
			fileSystemSynchronizedGroups = (
				68C9FE402EDDF68500780472 /* EnteringNumberWithStepperTests */,
			);
			name = EnteringNumberWithStepperTests;
			packageProductDependencies = (
			);
			productName = EnteringNumberWithStepperTests;
			productReference = 68C9FE3D2EDDF68500780472 /* EnteringNumberWithStepperTests.xctest */;
			productType = "com.apple.product-type.bundle.unit-test";
		};
		68C9FE462EDDF68500780472 /* EnteringNumberWithStepperUITests */ = {
			isa = PBXNativeTarget;
			buildConfigurationList = 68C9FE572EDDF68500780472 /* Build configuration list for PBXNativeTarget "EnteringNumberWithStepperUITests" */;
			buildPhases = (
				68C9FE432EDDF68500780472 /* Sources */,
				68C9FE442EDDF68500780472 /* Frameworks */,
				68C9FE452EDDF68500780472 /* Resources */,
			);
			buildRules = (
			);
			dependencies = (
				68C9FE492EDDF68500780472 /* PBXTargetDependency */,
			);
			fileSystemSynchronizedGroups = (
				68C9FE4A2EDDF68500780472 /* EnteringNumberWithStepperUITests */,
			);
			name = EnteringNumberWithStepperUITests;
			packageProductDependencies = (
			);
			productName = EnteringNumberWithStepperUITests;
			productReference = 68C9FE472EDDF68500780472 /* EnteringNumberWithStepperUITests.xctest */;
			productType = "com.apple.product-type.bundle.ui-testing";
		};
/* End PBXNativeTarget section */

/* Begin PBXProject section */
		68C9FE282EDDF68400780472 /* Project object */ = {
			isa = PBXProject;
			attributes = {
				BuildIndependentTargetsInParallel = 1;
				LastSwiftUpdateCheck = 2610;
				LastUpgradeCheck = 2610;
				TargetAttributes = {
					68C9FE2F2EDDF68400780472 = {
						CreatedOnToolsVersion = 26.1.1;
					};
					68C9FE3C2EDDF68500780472 = {
						CreatedOnToolsVersion = 26.1.1;
						TestTargetID = 68C9FE2F2EDDF68400780472;
					};
					68C9FE462EDDF68500780472 = {
						CreatedOnToolsVersion = 26.1.1;
						TestTargetID = 68C9FE2F2EDDF68400780472;
					};
				};
			};
			buildConfigurationList = 68C9FE2B2EDDF68400780472 /* Build configuration list for PBXProject "EnteringNumberWithStepper" */;
			developmentRegion = en;
			hasScannedForEncodings = 0;
			knownRegions = (
				en,
				Base,
			);
			mainGroup = 68C9FE272EDDF68400780472;
			minimizedProjectReferenceProxies = 1;
			preferredProjectObjectVersion = 77;
			productRefGroup = 68C9FE312EDDF68400780472 /* Products */;
			projectDirPath = "";
			projectRoot = "";
			targets = (
				68C9FE2F2EDDF68400780472 /* EnteringNumberWithStepper */,
				68C9FE3C2EDDF68500780472 /* EnteringNumberWithStepperTests */,
				68C9FE462EDDF68500780472 /* EnteringNumberWithStepperUITests */,
			);
		};
/* End PBXProject section */

/* Begin PBXResourcesBuildPhase section */
		68C9FE2E2EDDF68400780472 /* Resources */ = {
			isa = PBXResourcesBuildPhase;
			buildActionMask = 2147483647;
			files = (
			);
			runOnlyForDeploymentPostprocessing = 0;
		};
		68C9FE3B2EDDF68500780472 /* Resources */ = {
			isa = PBXResourcesBuildPhase;
			buildActionMask = 2147483647;
			files = (
			);
			runOnlyForDeploymentPostprocessing = 0;
		};
		68C9FE452EDDF68500780472 /* Resources */ = {
			isa = PBXResourcesBuildPhase;
			buildActionMask = 2147483647;
			files = (
			);
			runOnlyForDeploymentPostprocessing = 0;
		};
/* End PBXResourcesBuildPhase section */

/* Begin PBXSourcesBuildPhase section */
		68C9FE2C2EDDF68400780472 /* Sources */ = {
			isa = PBXSourcesBuildPhase;
			buildActionMask = 2147483647;
			files = (
			);
			runOnlyForDeploymentPostprocessing = 0;
		};
		68C9FE392EDDF68500780472 /* Sources */ = {
			isa = PBXSourcesBuildPhase;
			buildActionMask = 2147483647;
			files = (
			);
			runOnlyForDeploymentPostprocessing = 0;
		};
		68C9FE432EDDF68500780472 /* Sources */ = {
			isa = PBXSourcesBuildPhase;
			buildActionMask = 2147483647;
			files = (
			);
			runOnlyForDeploymentPostprocessing = 0;
		};
/* End PBXSourcesBuildPhase section */

/* Begin PBXTargetDependency section */
		68C9FE3F2EDDF68500780472 /* PBXTargetDependency */ = {
			isa = PBXTargetDependency;
			target = 68C9FE2F2EDDF68400780472 /* EnteringNumberWithStepper */;
			targetProxy = 68C9FE3E2EDDF68500780472 /* PBXContainerItemProxy */;
		};
		68C9FE492EDDF68500780472 /* PBXTargetDependency */ = {
			isa = PBXTargetDependency;
			target = 68C9FE2F2EDDF68400780472 /* EnteringNumberWithStepper */;
			targetProxy = 68C9FE482EDDF68500780472 /* PBXContainerItemProxy */;
		};
/* End PBXTargetDependency section */

/* Begin XCBuildConfiguration section */
		68C9FE4F2EDDF68500780472 /* Debug */ = {
			isa = XCBuildConfiguration;
			buildSettings = {
				ALWAYS_SEARCH_USER_PATHS = NO;
				ASSETCATALOG_COMPILER_GENERATE_SWIFT_ASSET_SYMBOL_EXTENSIONS = YES;
				CLANG_ANALYZER_NONNULL = YES;
				CLANG_ANALYZER_NUMBER_OBJECT_CONVERSION = YES_AGGRESSIVE;
				CLANG_CXX_LANGUAGE_STANDARD = "gnu++20";
				CLANG_ENABLE_MODULES = YES;
				CLANG_ENABLE_OBJC_ARC = YES;
				CLANG_ENABLE_OBJC_WEAK = YES;
				CLANG_WARN_BLOCK_CAPTURE_AUTORELEASING = YES;
				CLANG_WARN_BOOL_CONVERSION = YES;
				CLANG_WARN_COMMA = YES;
				CLANG_WARN_CONSTANT_CONVERSION = YES;
				CLANG_WARN_DEPRECATED_OBJC_IMPLEMENTATIONS = YES;
				CLANG_WARN_DIRECT_OBJC_ISA_USAGE = YES_ERROR;
				CLANG_WARN_DOCUMENTATION_COMMENTS = YES;
				CLANG_WARN_EMPTY_BODY = YES;
				CLANG_WARN_ENUM_CONVERSION = YES;
				CLANG_WARN_INFINITE_RECURSION = YES;
				CLANG_WARN_INT_CONVERSION = YES;
				CLANG_WARN_NON_LITERAL_NULL_CONVERSION = YES;
				CLANG_WARN_OBJC_IMPLICIT_RETAIN_SELF = YES;
				CLANG_WARN_OBJC_LITERAL_CONVERSION = YES;
				CLANG_WARN_OBJC_ROOT_CLASS = YES_ERROR;
				CLANG_WARN_QUOTED_INCLUDE_IN_FRAMEWORK_HEADER = YES;
				CLANG_WARN_RANGE_LOOP_ANALYSIS = YES;
				CLANG_WARN_STRICT_PROTOTYPES = YES;
				CLANG_WARN_SUSPICIOUS_MOVE = YES;
				CLANG_WARN_UNGUARDED_AVAILABILITY = YES_AGGRESSIVE;
				CLANG_WARN_UNREACHABLE_CODE = YES;
				CLANG_WARN__DUPLICATE_METHOD_MATCH = YES;
				COPY_PHASE_STRIP = NO;
				DEBUG_INFORMATION_FORMAT = dwarf;
				DEVELOPMENT_TEAM = N455ZDLHP4;
				ENABLE_STRICT_OBJC_MSGSEND = YES;
				ENABLE_TESTABILITY = YES;
				ENABLE_USER_SCRIPT_SANDBOXING = YES;
				GCC_C_LANGUAGE_STANDARD = gnu17;
				GCC_DYNAMIC_NO_PIC = NO;
				GCC_NO_COMMON_BLOCKS = YES;
				GCC_OPTIMIZATION_LEVEL = 0;
				GCC_PREPROCESSOR_DEFINITIONS = (
					"DEBUG=1",
					"$(inherited)",
				);
				GCC_WARN_64_TO_32_BIT_CONVERSION = YES;
				GCC_WARN_ABOUT_RETURN_TYPE = YES_ERROR;
				GCC_WARN_UNDECLARED_SELECTOR = YES;
				GCC_WARN_UNINITIALIZED_AUTOS = YES_AGGRESSIVE;
				GCC_WARN_UNUSED_FUNCTION = YES;
				GCC_WARN_UNUSED_VARIABLE = YES;
				IPHONEOS_DEPLOYMENT_TARGET = 26.1;
				LOCALIZATION_PREFERS_STRING_CATALOGS = YES;
				MTL_ENABLE_DEBUG_INFO = INCLUDE_SOURCE;
				MTL_FAST_MATH = YES;
				ONLY_ACTIVE_ARCH = YES;
				SDKROOT = iphoneos;
				SWIFT_ACTIVE_COMPILATION_CONDITIONS = "DEBUG $(inherited)";
				SWIFT_OPTIMIZATION_LEVEL = "-Onone";
			};
			name = Debug;
		};
		68C9FE502EDDF68500780472 /* Release */ = {
			isa = XCBuildConfiguration;
			buildSettings = {
				ALWAYS_SEARCH_USER_PATHS = NO;
				ASSETCATALOG_COMPILER_GENERATE_SWIFT_ASSET_SYMBOL_EXTENSIONS = YES;
				CLANG_ANALYZER_NONNULL = YES;
				CLANG_ANALYZER_NUMBER_OBJECT_CONVERSION = YES_AGGRESSIVE;
				CLANG_CXX_LANGUAGE_STANDARD = "gnu++20";
				CLANG_ENABLE_MODULES = YES;
				CLANG_ENABLE_OBJC_ARC = YES;
				CLANG_ENABLE_OBJC_WEAK = YES;
				CLANG_WARN_BLOCK_CAPTURE_AUTORELEASING = YES;
				CLANG_WARN_BOOL_CONVERSION = YES;
				CLANG_WARN_COMMA = YES;
				CLANG_WARN_CONSTANT_CONVERSION = YES;
				CLANG_WARN_DEPRECATED_OBJC_IMPLEMENTATIONS = YES;
				CLANG_WARN_DIRECT_OBJC_ISA_USAGE = YES_ERROR;
				CLANG_WARN_DOCUMENTATION_COMMENTS = YES;
				CLANG_WARN_EMPTY_BODY = YES;
				CLANG_WARN_ENUM_CONVERSION = YES;
				CLANG_WARN_INFINITE_RECURSION = YES;
				CLANG_WARN_INT_CONVERSION = YES;
				CLANG_WARN_NON_LITERAL_NULL_CONVERSION = YES;
				CLANG_WARN_OBJC_IMPLICIT_RETAIN_SELF = YES;
				CLANG_WARN_OBJC_LITERAL_CONVERSION = YES;
				CLANG_WARN_OBJC_ROOT_CLASS = YES_ERROR;
				CLANG_WARN_QUOTED_INCLUDE_IN_FRAMEWORK_HEADER = YES;
				CLANG_WARN_RANGE_LOOP_ANALYSIS = YES;
				CLANG_WARN_STRICT_PROTOTYPES = YES;
				CLANG_WARN_SUSPICIOUS_MOVE = YES;
				CLANG_WARN_UNGUARDED_AVAILABILITY = YES_AGGRESSIVE;
				CLANG_WARN_UNREACHABLE_CODE = YES;
				CLANG_WARN__DUPLICATE_METHOD_MATCH = YES;
				COPY_PHASE_STRIP = NO;
				DEBUG_INFORMATION_FORMAT = "dwarf-with-dsym";
				DEVELOPMENT_TEAM = N455ZDLHP4;
				ENABLE_NS_ASSERTIONS = NO;
				ENABLE_STRICT_OBJC_MSGSEND = YES;
				ENABLE_USER_SCRIPT_SANDBOXING = YES;
				GCC_C_LANGUAGE_STANDARD = gnu17;
				GCC_NO_COMMON_BLOCKS = YES;
				GCC_WARN_64_TO_32_BIT_CONVERSION = YES;
				GCC_WARN_ABOUT_RETURN_TYPE = YES_ERROR;
				GCC_WARN_UNDECLARED_SELECTOR = YES;
				GCC_WARN_UNINITIALIZED_AUTOS = YES_AGGRESSIVE;
				GCC_WARN_UNUSED_FUNCTION = YES;
				GCC_WARN_UNUSED_VARIABLE = YES;
				IPHONEOS_DEPLOYMENT_TARGET = 26.1;
				LOCALIZATION_PREFERS_STRING_CATALOGS = YES;
				MTL_ENABLE_DEBUG_INFO = NO;
				MTL_FAST_MATH = YES;
				SDKROOT = iphoneos;
				SWIFT_COMPILATION_MODE = wholemodule;
				VALIDATE_PRODUCT = YES;
			};
			name = Release;
		};
		68C9FE522EDDF68500780472 /* Debug */ = {
			isa = XCBuildConfiguration;
			buildSettings = {
				ASSETCATALOG_COMPILER_APPICON_NAME = AppIcon;
				ASSETCATALOG_COMPILER_GLOBAL_ACCENT_COLOR_NAME = AccentColor;
				CODE_SIGN_STYLE = Automatic;
				CURRENT_PROJECT_VERSION = 1;
				DEVELOPMENT_TEAM = N455ZDLHP4;
				ENABLE_PREVIEWS = YES;
				GENERATE_INFOPLIST_FILE = YES;
				INFOPLIST_KEY_UIApplicationSceneManifest_Generation = YES;
				INFOPLIST_KEY_UIApplicationSupportsIndirectInputEvents = YES;
				INFOPLIST_KEY_UILaunchScreen_Generation = YES;
				INFOPLIST_KEY_UISupportedInterfaceOrientations_iPad = "UIInterfaceOrientationPortrait UIInterfaceOrientationPortraitUpsideDown UIInterfaceOrientationLandscapeLeft UIInterfaceOrientationLandscapeRight";
				INFOPLIST_KEY_UISupportedInterfaceOrientations_iPhone = "UIInterfaceOrientationPortrait UIInterfaceOrientationLandscapeLeft UIInterfaceOrientationLandscapeRight";
				LD_RUNPATH_SEARCH_PATHS = (
					"$(inherited)",
					"@executable_path/Frameworks",
				);
				MARKETING_VERSION = 1.0;
				PRODUCT_BUNDLE_IDENTIFIER = com.marcmoxey.EnteringNumberWithStepper;
				PRODUCT_NAME = "$(TARGET_NAME)";
				STRING_CATALOG_GENERATE_SYMBOLS = YES;
				SWIFT_APPROACHABLE_CONCURRENCY = YES;
				SWIFT_DEFAULT_ACTOR_ISOLATION = MainActor;
				SWIFT_EMIT_LOC_STRINGS = YES;
				SWIFT_UPCOMING_FEATURE_MEMBER_IMPORT_VISIBILITY = YES;
				SWIFT_VERSION = 5.0;
				TARGETED_DEVICE_FAMILY = "1,2";
			};
			name = Debug;
		};
		68C9FE532EDDF68500780472 /* Release */ = {
			isa = XCBuildConfiguration;
			buildSettings = {
				ASSETCATALOG_COMPILER_APPICON_NAME = AppIcon;
				ASSETCATALOG_COMPILER_GLOBAL_ACCENT_COLOR_NAME = AccentColor;
				CODE_SIGN_STYLE = Automatic;
				CURRENT_PROJECT_VERSION = 1;
				DEVELOPMENT_TEAM = N455ZDLHP4;
				ENABLE_PREVIEWS = YES;
				GENERATE_INFOPLIST_FILE = YES;
				INFOPLIST_KEY_UIApplicationSceneManifest_Generation = YES;
				INFOPLIST_KEY_UIApplicationSupportsIndirectInputEvents = YES;
				INFOPLIST_KEY_UILaunchScreen_Generation = YES;
				INFOPLIST_KEY_UISupportedInterfaceOrientations_iPad = "UIInterfaceOrientationPortrait UIInterfaceOrientationPortraitUpsideDown UIInterfaceOrientationLandscapeLeft UIInterfaceOrientationLandscapeRight";
				INFOPLIST_KEY_UISupportedInterfaceOrientations_iPhone = "UIInterfaceOrientationPortrait UIInterfaceOrientationLandscapeLeft UIInterfaceOrientationLandscapeRight";
				LD_RUNPATH_SEARCH_PATHS = (
					"$(inherited)",
					"@executable_path/Frameworks",
				);
				MARKETING_VERSION = 1.0;
				PRODUCT_BUNDLE_IDENTIFIER = com.marcmoxey.EnteringNumberWithStepper;
				PRODUCT_NAME = "$(TARGET_NAME)";
				STRING_CATALOG_GENERATE_SYMBOLS = YES;
				SWIFT_APPROACHABLE_CONCURRENCY = YES;
				SWIFT_DEFAULT_ACTOR_ISOLATION = MainActor;
				SWIFT_EMIT_LOC_STRINGS = YES;
				SWIFT_UPCOMING_FEATURE_MEMBER_IMPORT_VISIBILITY = YES;
				SWIFT_VERSION = 5.0;
				TARGETED_DEVICE_FAMILY = "1,2";
			};
			name = Release;
		};
		68C9FE552EDDF68500780472 /* Debug */ = {
			isa = XCBuildConfiguration;
			buildSettings = {
				BUNDLE_LOADER = "$(TEST_HOST)";
				CODE_SIGN_STYLE = Automatic;
				CURRENT_PROJECT_VERSION = 1;
				DEVELOPMENT_TEAM = N455ZDLHP4;
				GENERATE_INFOPLIST_FILE = YES;
				IPHONEOS_DEPLOYMENT_TARGET = 26.1;
				MARKETING_VERSION = 1.0;
				PRODUCT_BUNDLE_IDENTIFIER = com.marcmoxey.EnteringNumberWithStepperTests;
				PRODUCT_NAME = "$(TARGET_NAME)";
				STRING_CATALOG_GENERATE_SYMBOLS = NO;
				SWIFT_APPROACHABLE_CONCURRENCY = YES;
				SWIFT_EMIT_LOC_STRINGS = NO;
				SWIFT_UPCOMING_FEATURE_MEMBER_IMPORT_VISIBILITY = YES;
				SWIFT_VERSION = 5.0;
				TARGETED_DEVICE_FAMILY = "1,2";
				TEST_HOST = "$(BUILT_PRODUCTS_DIR)/EnteringNumberWithStepper.app/$(BUNDLE_EXECUTABLE_FOLDER_PATH)/EnteringNumberWithStepper";
			};
			name = Debug;
		};
		68C9FE562EDDF68500780472 /* Release */ = {
			isa = XCBuildConfiguration;
			buildSettings = {
				BUNDLE_LOADER = "$(TEST_HOST)";
				CODE_SIGN_STYLE = Automatic;
				CURRENT_PROJECT_VERSION = 1;
				DEVELOPMENT_TEAM = N455ZDLHP4;
				GENERATE_INFOPLIST_FILE = YES;
				IPHONEOS_DEPLOYMENT_TARGET = 26.1;
				MARKETING_VERSION = 1.0;
				PRODUCT_BUNDLE_IDENTIFIER = com.marcmoxey.EnteringNumberWithStepperTests;
				PRODUCT_NAME = "$(TARGET_NAME)";
				STRING_CATALOG_GENERATE_SYMBOLS = NO;
				SWIFT_APPROACHABLE_CONCURRENCY = YES;
				SWIFT_EMIT_LOC_STRINGS = NO;
				SWIFT_UPCOMING_FEATURE_MEMBER_IMPORT_VISIBILITY = YES;
				SWIFT_VERSION = 5.0;
				TARGETED_DEVICE_FAMILY = "1,2";
				TEST_HOST = "$(BUILT_PRODUCTS_DIR)/EnteringNumberWithStepper.app/$(BUNDLE_EXECUTABLE_FOLDER_PATH)/EnteringNumberWithStepper";
			};
			name = Release;
		};
		68C9FE582EDDF68500780472 /* Debug */ = {
			isa = XCBuildConfiguration;
			buildSettings = {
				CODE_SIGN_STYLE = Automatic;
				CURRENT_PROJECT_VERSION = 1;
				DEVELOPMENT_TEAM = N455ZDLHP4;
				GENERATE_INFOPLIST_FILE = YES;
				MARKETING_VERSION = 1.0;
				PRODUCT_BUNDLE_IDENTIFIER = com.marcmoxey.EnteringNumberWithStepperUITests;
				PRODUCT_NAME = "$(TARGET_NAME)";
				STRING_CATALOG_GENERATE_SYMBOLS = NO;
				SWIFT_APPROACHABLE_CONCURRENCY = YES;
				SWIFT_EMIT_LOC_STRINGS = NO;
				SWIFT_UPCOMING_FEATURE_MEMBER_IMPORT_VISIBILITY = YES;
				SWIFT_VERSION = 5.0;
				TARGETED_DEVICE_FAMILY = "1,2";
				TEST_TARGET_NAME = EnteringNumberWithStepper;
			};
			name = Debug;
		};
		68C9FE592EDDF68500780472 /* Release */ = {
			isa = XCBuildConfiguration;
			buildSettings = {
				CODE_SIGN_STYLE = Automatic;
				CURRENT_PROJECT_VERSION = 1;
				DEVELOPMENT_TEAM = N455ZDLHP4;
				GENERATE_INFOPLIST_FILE = YES;
				MARKETING_VERSION = 1.0;
				PRODUCT_BUNDLE_IDENTIFIER = com.marcmoxey.EnteringNumberWithStepperUITests;
				PRODUCT_NAME = "$(TARGET_NAME)";
				STRING_CATALOG_GENERATE_SYMBOLS = NO;
				SWIFT_APPROACHABLE_CONCURRENCY = YES;
				SWIFT_EMIT_LOC_STRINGS = NO;
				SWIFT_UPCOMING_FEATURE_MEMBER_IMPORT_VISIBILITY = YES;
				SWIFT_VERSION = 5.0;
				TARGETED_DEVICE_FAMILY = "1,2";
				TEST_TARGET_NAME = EnteringNumberWithStepper;
			};
			name = Release;
		};
/* End XCBuildConfiguration section */

/* Begin XCConfigurationList section */
		68C9FE2B2EDDF68400780472 /* Build configuration list for PBXProject "EnteringNumberWithStepper" */ = {
			isa = XCConfigurationList;
			buildConfigurations = (
				68C9FE4F2EDDF68500780472 /* Debug */,
				68C9FE502EDDF68500780472 /* Release */,
			);
			defaultConfigurationIsVisible = 0;
			defaultConfigurationName = Release;
		};
		68C9FE512EDDF68500780472 /* Build configuration list for PBXNativeTarget "EnteringNumberWithStepper" */ = {
			isa = XCConfigurationList;
			buildConfigurations = (
				68C9FE522EDDF68500780472 /* Debug */,
				68C9FE532EDDF68500780472 /* Release */,
			);
			defaultConfigurationIsVisible = 0;
			defaultConfigurationName = Release;
		};
		68C9FE542EDDF68500780472 /* Build configuration list for PBXNativeTarget "EnteringNumberWithStepperTests" */ = {
			isa = XCConfigurationList;
			buildConfigurations = (
				68C9FE552EDDF68500780472 /* Debug */,
				68C9FE562EDDF68500780472 /* Release */,
			);
			defaultConfigurationIsVisible = 0;
			defaultConfigurationName = Release;
		};
		68C9FE572EDDF68500780472 /* Build configuration list for PBXNativeTarget "EnteringNumberWithStepperUITests" */ = {
			isa = XCConfigurationList;
			buildConfigurations = (
				68C9FE582EDDF68500780472 /* Debug */,
				68C9FE592EDDF68500780472 /* Release */,
			);
			defaultConfigurationIsVisible = 0;
			defaultConfigurationName = Release;
		};
/* End XCConfigurationList section */
	};
	rootObject = 68C9FE282EDDF68400780472 /* Project object */;
}
